// !$*UTF8*$!
{
	archiveVersion = 1;
	classes = {};
	objectVersion = 56;
	objects = {
/* Begin PBXBuildFile section */
		D16652C3A8D1452FB05210C5 /* AppDelegate.swift in Sources */ = {isa = PBXBuildFile; fileRef = 98950C32BB924FCC87ADE5AE /* AppDelegate.swift */; };
		6B4007C1A46349D1BC2BB7F1 /* SceneDelegate.swift in Sources */ = {isa = PBXBuildFile; fileRef = FED5FB37F3024F28BABAB4FC /* SceneDelegate.swift */; };
		72CE8D74985A4BD1800E26F1 /* ViewController.swift in Sources */ = {isa = PBXBuildFile; fileRef = E510176A9004402E8448A642 /* ViewController.swift */; };
		AE92A1025C4C4867A32F0B5A /* LaunchScreen.storyboard in Resources */ = {isa = PBXBuildFile; fileRef = D22F79433F0D43D2BC0B883D /* LaunchScreen.storyboard */; };
		5FC5F665FC77483E9AABFC09 /* index.html in Resources */ = {isa = PBXBuildFile; fileRef = F6C127F168104DD4ABDCB27B /* index.html */; };
/* End PBXBuildFile section */
/* Begin PBXFileReference section */
		00E7CA17E02443E491586BB3 /* FreeArmenian.app */ = {isa = PBXFileReference; explicitFileType = wrapper.application; includeInIndex = 0; path = FreeArmenian.app; sourceTree = BUILT_PRODUCTS_DIR; };
		98950C32BB924FCC87ADE5AE /* AppDelegate.swift */ = {isa = PBXFileReference; lastKnownFileType = sourcecode.swift; path = AppDelegate.swift; sourceTree = "<group>"; };
		FED5FB37F3024F28BABAB4FC /* SceneDelegate.swift */ = {isa = PBXFileReference; lastKnownFileType = sourcecode.swift; path = SceneDelegate.swift; sourceTree = "<group>"; };
		E510176A9004402E8448A642 /* ViewController.swift */ = {isa = PBXFileReference; lastKnownFileType = sourcecode.swift; path = ViewController.swift; sourceTree = "<group>"; };
		2B51AC93DCFA4BDF8792A43F /* Info.plist */ = {isa = PBXFileReference; lastKnownFileType = text.plist.xml; path = Info.plist; sourceTree = "<group>"; };
		D22F79433F0D43D2BC0B883D /* LaunchScreen.storyboard */ = {isa = PBXFileReference; lastKnownFileType = file.storyboard; path = LaunchScreen.storyboard; sourceTree = "<group>"; };
		F6C127F168104DD4ABDCB27B /* index.html */ = {isa = PBXFileReference; lastKnownFileType = text.html; path = index.html; sourceTree = "<group>"; };
/* End PBXFileReference section */
/* Begin PBXFrameworksBuildPhase section */
		8B6CCCF50435450CAC045FE0 /* Frameworks */ = {isa = PBXFrameworksBuildPhase; buildActionMask = 2147483647; files = ( ); runOnlyForDeploymentPostprocessing = 0; };
/* End PBXFrameworksBuildPhase section */
/* Begin PBXGroup section */
		DF37237E13E24F1F805065FC = {isa = PBXGroup; children = (F3B44B625EF542EE886B9D83 /* FreeArmenian */, B7320E78ADAB4206B18E5A24 /* Products */,); sourceTree = "<group>"; };
		F3B44B625EF542EE886B9D83 /* FreeArmenian */ = {isa = PBXGroup; children = (98950C32BB924FCC87ADE5AE /* AppDelegate.swift */, FED5FB37F3024F28BABAB4FC /* SceneDelegate.swift */, E510176A9004402E8448A642 /* ViewController.swift */, 2B51AC93DCFA4BDF8792A43F /* Info.plist */, D22F79433F0D43D2BC0B883D /* LaunchScreen.storyboard */, F6C127F168104DD4ABDCB27B /* index.html */,); path = FreeArmenian; sourceTree = "<group>"; };
		B7320E78ADAB4206B18E5A24 /* Products */ = {isa = PBXGroup; children = (00E7CA17E02443E491586BB3 /* FreeArmenian.app */,); name = Products; sourceTree = "<group>"; };
/* End PBXGroup section */
/* Begin PBXNativeTarget section */
		335447ED24FA4CD6B60935A0 /* FreeArmenian */ = {isa = PBXNativeTarget; buildConfigurationList = 75C9E19378CC47A899B3186D /* Build configuration list for PBXNativeTarget "FreeArmenian" */; buildPhases = (C5C78FE37DE84B0D977946B2 /* Sources */, 8B6CCCF50435450CAC045FE0 /* Frameworks */, 8D64E27EEA6B4AD6A0EE30E0 /* Resources */,); buildRules = ( ); dependencies = ( ); name = FreeArmenian; productName = FreeArmenian; productReference = 00E7CA17E02443E491586BB3 /* FreeArmenian.app */; productType = "com.apple.product-type.application"; };
/* End PBXNativeTarget section */
/* Begin PBXProject section */
		3053295CE9A544298561E9E3 /* Project object */ = {isa = PBXProject; attributes = {BuildIndependentTargetsInParallel = 1; LastSwiftUpdateCheck = 1500; LastUpgradeCheck = 1500; TargetAttributes = {335447ED24FA4CD6B60935A0 = {CreatedOnToolsVersion = 15.0;};};}; buildConfigurationList = 01C6AC81E99A47D096605C5A /* Build configuration list for PBXProject "FreeArmenian" */; compatibilityVersion = "Xcode 14.0"; developmentRegion = en; hasScannedForEncodings = 0; knownRegions = (en, Base,); mainGroup = DF37237E13E24F1F805065FC; productRefGroup = B7320E78ADAB4206B18E5A24 /* Products */; projectDirPath = ""; projectRoot = ""; targets = (335447ED24FA4CD6B60935A0 /* FreeArmenian */,); };
/* End PBXProject section */
/* Begin PBXResourcesBuildPhase section */
		8D64E27EEA6B4AD6A0EE30E0 /* Resources */ = {isa = PBXResourcesBuildPhase; buildActionMask = 2147483647; files = (AE92A1025C4C4867A32F0B5A /* resource */, 5FC5F665FC77483E9AABFC09 /* resource */,); runOnlyForDeploymentPostprocessing = 0; };
/* End PBXResourcesBuildPhase section */
/* Begin PBXSourcesBuildPhase section */
		C5C78FE37DE84B0D977946B2 /* Sources */ = {isa = PBXSourcesBuildPhase; buildActionMask = 2147483647; files = (D16652C3A8D1452FB05210C5 /* source */, 6B4007C1A46349D1BC2BB7F1 /* source */, 72CE8D74985A4BD1800E26F1 /* source */,); runOnlyForDeploymentPostprocessing = 0; };
/* End PBXSourcesBuildPhase section */
/* Begin XCBuildConfiguration section */
		780E70F9DF0040F8AB02AD90 /* Debug */ = {isa = XCBuildConfiguration; buildSettings = {ALWAYS_SEARCH_USER_PATHS = NO; CLANG_ENABLE_MODULES = YES; CLANG_ENABLE_OBJC_ARC = YES; CLANG_WARN_DOCUMENTATION_COMMENTS = YES; GCC_NO_COMMON_BLOCKS = YES; IPHONEOS_DEPLOYMENT_TARGET = 15.0; SDKROOT = iphoneos; SWIFT_VERSION = 5.0; }; name = Debug; };
		006676931B754C6A92F0B5CE /* Release */ = {isa = XCBuildConfiguration; buildSettings = {ALWAYS_SEARCH_USER_PATHS = NO; CLANG_ENABLE_MODULES = YES; CLANG_ENABLE_OBJC_ARC = YES; GCC_NO_COMMON_BLOCKS = YES; IPHONEOS_DEPLOYMENT_TARGET = 15.0; SDKROOT = iphoneos; SWIFT_VERSION = 5.0; }; name = Release; };
		B24EB3CB64534FBF9A80D6E5 /* Debug */ = {isa = XCBuildConfiguration; buildSettings = {ASSETCATALOG_COMPILER_APPICON_NAME = AppIcon; CODE_SIGN_STYLE = Automatic; CURRENT_PROJECT_VERSION = 1; DEVELOPMENT_TEAM = ""; GENERATE_INFOPLIST_FILE = NO; INFOPLIST_FILE = FreeArmenian/Info.plist; PRODUCT_BUNDLE_IDENTIFIER = org.freearmenian.app; PRODUCT_NAME = "$(TARGET_NAME)"; SWIFT_VERSION = 5.0; TARGETED_DEVICE_FAMILY = "1"; }; name = Debug; };
		86698EC60AA84B3DB3D00113 /* Release */ = {isa = XCBuildConfiguration; buildSettings = {ASSETCATALOG_COMPILER_APPICON_NAME = AppIcon; CODE_SIGN_STYLE = Automatic; CURRENT_PROJECT_VERSION = 1; DEVELOPMENT_TEAM = ""; GENERATE_INFOPLIST_FILE = NO; INFOPLIST_FILE = FreeArmenian/Info.plist; PRODUCT_BUNDLE_IDENTIFIER = org.freearmenian.app; PRODUCT_NAME = "$(TARGET_NAME)"; SWIFT_VERSION = 5.0; TARGETED_DEVICE_FAMILY = "1"; }; name = Release; };
/* End XCBuildConfiguration section */
/* Begin XCConfigurationList section */
		01C6AC81E99A47D096605C5A /* Build configuration list for PBXProject "FreeArmenian" */ = {isa = XCConfigurationList; buildConfigurations = (780E70F9DF0040F8AB02AD90 /* Debug */, 006676931B754C6A92F0B5CE /* Release */,); defaultConfigurationIsVisible = 0; defaultConfigurationName = Release; };
		75C9E19378CC47A899B3186D /* Build configuration list for PBXNativeTarget "FreeArmenian" */ = {isa = XCConfigurationList; buildConfigurations = (B24EB3CB64534FBF9A80D6E5 /* Debug */, 86698EC60AA84B3DB3D00113 /* Release */,); defaultConfigurationIsVisible = 0; defaultConfigurationName = Release; };
/* End XCConfigurationList section */
	};
	rootObject = 3053295CE9A544298561E9E3 /* Project object */;
}
